
Microsoft Visual Studio Solution File, Format Version 12.00
# Visual Studio Version 17
VisualStudioVersion = 17.1.31911.260
MinimumVisualStudioVersion = 10.0.40219.1
Project("{9A19103F-16F7-4668-BE54-9A1E7A4F7556}") = "Frenchex.Dev.Cli", "Frenchex.Dev.Cli.csproj", "{A2874A0C-AB74-43A4-B554-46E18A25103F}"
EndProject
Project("{2150E333-8FDC-42A3-9474-1A3956D46DE8}") = "Cli", "Cli", "{FC83866C-4129-4F24-BCB2-062FF5623A80}"
EndProject
Project("{2150E333-8FDC-42A3-9474-1A3956D46DE8}") = "Dotnet", "Dotnet", "{C9441E14-429D-4268-9566-1402DBFC245F}"
EndProject
Project("{2150E333-8FDC-42A3-9474-1A3956D46DE8}") = "Cli", "Cli", "{A74F04CB-A5D3-43F9-8977-901FF4E7575C}"
EndProject
Project("{9A19103F-16F7-4668-BE54-9A1E7A4F7556}") = "Frenchex.Dev.Dotnet.Cli.Lib", "..\Frenchex.Dev.Dotnet.Cli.Lib\Frenchex.Dev.Dotnet.Cli.Lib.csproj", "{19B8F575-80A8-4B24-A8CC-016FC13418AA}"
EndProject
Project("{9A19103F-16F7-4668-BE54-9A1E7A4F7556}") = "Frenchex.Dev.Dotnet.Cli.Integration.Lib", "..\Frenchex.Dev.Dotnet.Cli.Integration.Lib\Frenchex.Dev.Dotnet.Cli.Integration.Lib.csproj", "{914D81DF-A78F-457F-847A-B96BE1DD61B5}"
EndProject
Project("{2150E333-8FDC-42A3-9474-1A3956D46DE8}") = "Vagrant", "Vagrant", "{868499D8-88D3-4EC3-BD69-EA07BC843EA5}"
EndProject
Project("{9A19103F-16F7-4668-BE54-9A1E7A4F7556}") = "Frenchex.Dev.Vagrant.Lib", "..\Frenchex.Dev.Vagrant.Lib\Frenchex.Dev.Vagrant.Lib.csproj", "{2A023283-9FDC-4ECF-B2D3-84F5A20BB3A0}"
EndProject
Project("{2150E333-8FDC-42A3-9474-1A3956D46DE8}") = "Filesystem", "Filesystem", "{C065DEF0-D35A-4E4B-B6D2-B40C327B325E}"
EndProject
Project("{2150E333-8FDC-42A3-9474-1A3956D46DE8}") = "Process", "Process", "{5A80C30B-624E-40A0-8318-51406768ADBA}"
EndProject
Project("{9A19103F-16F7-4668-BE54-9A1E7A4F7556}") = "Frenchex.Dev.Dotnet.Filesystem.Lib", "..\Frenchex.Dev.Dotnet.Filesystem.Lib\Frenchex.Dev.Dotnet.Filesystem.Lib.csproj", "{F0BCE95C-9C05-4955-B257-609713416B43}"
EndProject
Project("{9A19103F-16F7-4668-BE54-9A1E7A4F7556}") = "Frenchex.Dev.Dotnet.Process.Lib", "..\Frenchex.Dev.Dotnet.Process.Lib\Frenchex.Dev.Dotnet.Process.Lib.csproj", "{E557DAFE-EC91-4984-9849-15AD763C3E74}"
EndProject
Project("{9A19103F-16F7-4668-BE54-9A1E7A4F7556}") = "Frenchex.Dev.Dotnet.Process.Lib.Tests", "..\Frenchex.Dev.Dotnet.Process.Lib.Tests\Frenchex.Dev.Dotnet.Process.Lib.Tests.csproj", "{C66B8293-E8F2-4661-B02B-A9645F69A80D}"
EndProject
Project("{9A19103F-16F7-4668-BE54-9A1E7A4F7556}") = "Frenchex.Dev.Vagrant.Lib.Tests", "..\Frenchex.Dev.Vagrant.Lib.Tests\Frenchex.Dev.Vagrant.Lib.Tests.csproj", "{F2C6EF39-AED3-4FB8-BDB3-AF90069F9BC8}"
EndProject
Project("{2150E333-8FDC-42A3-9474-1A3956D46DE8}") = "Vos", "Vos", "{A1E1C601-ECB7-49B0-9D5F-DF41C51F613A}"
EndProject
Project("{FAE04EC0-301F-11D3-BF4B-00C04F79EFBC}") = "Frenchex.Dev.Vos.Lib", "..\Frenchex.Dev.Vos.Lib\Frenchex.Dev.Vos.Lib.csproj", "{54CA55D2-A343-4870-AE1A-68384F6E42C2}"
EndProject
Project("{2150E333-8FDC-42A3-9474-1A3956D46DE8}") = "Commands", "Commands", "{90F54D66-F11D-4570-A0B6-2D8B002FC3FA}"
EndProject
Project("{FAE04EC0-301F-11D3-BF4B-00C04F79EFBC}") = "Frenchex.Dev.Commands.Init.Lib", "..\Frenchex.Dev.Commands.Init.Lib\Frenchex.Dev.Commands.Init.Lib.csproj", "{738B80F4-C75E-4D3E-A6BC-23E61DE7D1D8}"
EndProject
Project("{FAE04EC0-301F-11D3-BF4B-00C04F79EFBC}") = "Frenchex.Dev.Commands.Scopes.Lib", "..\Frenchex.Dev.Commands.Scopes.Lib\Frenchex.Dev.Commands.Scopes.Lib.csproj", "{CA7A3621-270D-4EC6-A56D-EEB61A84FDFA}"
EndProject
Project("{2150E333-8FDC-42A3-9474-1A3956D46DE8}") = "Init", "Init", "{F1C7784D-3B12-4193-A964-1FBD65C72A5B}"
EndProject
Project("{2150E333-8FDC-42A3-9474-1A3956D46DE8}") = "Scopes", "Scopes", "{06146CF7-3919-4485-9701-46F1C53BA805}"
EndProject
Project("{FAE04EC0-301F-11D3-BF4B-00C04F79EFBC}") = "Frenchex.Dev.Commands.Init.Lib.Tests", "..\Frenchex.Dev.Commands.Init.Lib.Tests\Frenchex.Dev.Commands.Init.Lib.Tests.csproj", "{F55C8896-7FF9-4E97-BCB4-BFF632244F00}"
EndProject
Project("{FAE04EC0-301F-11D3-BF4B-00C04F79EFBC}") = "Frenchex.Dev.Commands.Scopes.Lib.Tests", "..\Frenchex.Dev.Commands.Scopes.Lib.Tests\Frenchex.Dev.Commands.Scopes.Lib.Tests.csproj", "{412CA408-839E-4463-8BF3-E471B486EF22}"
EndProject
Project("{2150E333-8FDC-42A3-9474-1A3956D46DE8}") = "Cli.Integration", "Cli.Integration", "{8FE90B11-3503-4944-B587-EF0106B55E2D}"
EndProject
Project("{2150E333-8FDC-42A3-9474-1A3956D46DE8}") = "Cli.Integration", "Cli.Integration", "{30A7BC06-0AB8-47E8-972B-DE3A70D1CC76}"
EndProject
Project("{FAE04EC0-301F-11D3-BF4B-00C04F79EFBC}") = "Frenchex.Dev.Commands.Scopes.Cli.Integration.Lib.Tests", "..\Frenchex.Dev.Commands.Scopes.Cli.Integration.Lib.Tests\Frenchex.Dev.Commands.Scopes.Cli.Integration.Lib.Tests.csproj", "{60F33BF3-AA60-4A56-8AA3-A7AAB0361E2D}"
EndProject
Project("{FAE04EC0-301F-11D3-BF4B-00C04F79EFBC}") = "Frenchex.Dev.Commands.Scopes.Cli.Integration.Lib", "..\Frenchex.Dev.Commands.Scopes.Cli.Integration.Lib\Frenchex.Dev.Commands.Scopes.Cli.Integration.Lib.csproj", "{3F52F190-7BB2-4F7B-8518-F50CB33E0F59}"
EndProject
Project("{FAE04EC0-301F-11D3-BF4B-00C04F79EFBC}") = "Frenchex.Dev.Commands.Init.Cli.Integration.Lib", "..\Frenchex.Dev.Commands.Init.Cli.Integration.Lib\Frenchex.Dev.Commands.Init.Cli.Integration.Lib.csproj", "{E2FE2A98-EFC5-465D-A005-28050BE3013F}"
EndProject
Project("{FAE04EC0-301F-11D3-BF4B-00C04F79EFBC}") = "Frenchex.Dev.Commands.Init.Cli.Integration.Lib.Tests", "..\Frenchex.Dev.Commands.Init.Cli.Integration.Lib.Tests\Frenchex.Dev.Commands.Init.Cli.Integration.Lib.Tests.csproj", "{72D743C6-A101-4EFB-BB66-D442CD8ACBCA}"
EndProject
Project("{2150E333-8FDC-42A3-9474-1A3956D46DE8}") = "Docker", "Docker", "{F3FF78E5-183E-48A7-8470-A535E2E6A302}"
EndProject
Project("{2150E333-8FDC-42A3-9474-1A3956D46DE8}") = "Kubernetes", "Kubernetes", "{1B18AC78-9780-41A2-9A34-008CA566CA6B}"
EndProject
Project("{FAE04EC0-301F-11D3-BF4B-00C04F79EFBC}") = "Frenchex.Dev.Vos.Lib.Tests", "..\Frenchex.Dev.Vos.Lib.Tests\Frenchex.Dev.Vos.Lib.Tests.csproj", "{BD527B7B-BD50-43E4-BB69-BEF8C5C50E8C}"
EndProject
Project("{2150E333-8FDC-42A3-9474-1A3956D46DE8}") = "Cli.Integration", "Cli.Integration", "{110381C8-81E9-483B-8659-A569516B23CE}"
EndProject
Project("{FAE04EC0-301F-11D3-BF4B-00C04F79EFBC}") = "Frenchex.Dev.Vos.Cli.Integration.Lib.Tests", "..\Frenchex.Dev.Vos.Cli.Integration.Lib.Tests\Frenchex.Dev.Vos.Cli.Integration.Lib.Tests.csproj", "{52BD2A4E-8564-44EE-98DD-E531CC6A8168}"
EndProject
Project("{FAE04EC0-301F-11D3-BF4B-00C04F79EFBC}") = "Frenchex.Dev.Vos.Cli.Integration.Lib", "..\Frenchex.Dev.Vos.Cli.Integration.Lib\Frenchex.Dev.Vos.Cli.Integration.Lib.csproj", "{EC48ABC0-D9FE-4906-B4C8-3D6CBE823D39}"
EndProject
Project("{2150E333-8FDC-42A3-9474-1A3956D46DE8}") = "Gitlab", "Gitlab", "{A9159C4F-751D-44F3-AC10-F363F89E1A8B}"
EndProject
Project("{2150E333-8FDC-42A3-9474-1A3956D46DE8}") = "Github", "Github", "{9FDD76F8-19A8-4BAA-8BB4-DCB1E5FF3C43}"
EndProject
Global
	GlobalSection(SolutionConfigurationPlatforms) = preSolution
		Debug|Any CPU = Debug|Any CPU
		Release|Any CPU = Release|Any CPU
	EndGlobalSection
	GlobalSection(ProjectConfigurationPlatforms) = postSolution
		{A2874A0C-AB74-43A4-B554-46E18A25103F}.Debug|Any CPU.ActiveCfg = Debug|Any CPU
		{A2874A0C-AB74-43A4-B554-46E18A25103F}.Debug|Any CPU.Build.0 = Debug|Any CPU
		{A2874A0C-AB74-43A4-B554-46E18A25103F}.Release|Any CPU.ActiveCfg = Release|Any CPU
		{A2874A0C-AB74-43A4-B554-46E18A25103F}.Release|Any CPU.Build.0 = Release|Any CPU
		{19B8F575-80A8-4B24-A8CC-016FC13418AA}.Debug|Any CPU.ActiveCfg = Debug|Any CPU
		{19B8F575-80A8-4B24-A8CC-016FC13418AA}.Debug|Any CPU.Build.0 = Debug|Any CPU
		{19B8F575-80A8-4B24-A8CC-016FC13418AA}.Release|Any CPU.ActiveCfg = Release|Any CPU
		{19B8F575-80A8-4B24-A8CC-016FC13418AA}.Release|Any CPU.Build.0 = Release|Any CPU
		{914D81DF-A78F-457F-847A-B96BE1DD61B5}.Debug|Any CPU.ActiveCfg = Debug|Any CPU
		{914D81DF-A78F-457F-847A-B96BE1DD61B5}.Debug|Any CPU.Build.0 = Debug|Any CPU
		{914D81DF-A78F-457F-847A-B96BE1DD61B5}.Release|Any CPU.ActiveCfg = Release|Any CPU
		{914D81DF-A78F-457F-847A-B96BE1DD61B5}.Release|Any CPU.Build.0 = Release|Any CPU
		{2A023283-9FDC-4ECF-B2D3-84F5A20BB3A0}.Debug|Any CPU.ActiveCfg = Debug|Any CPU
		{2A023283-9FDC-4ECF-B2D3-84F5A20BB3A0}.Debug|Any CPU.Build.0 = Debug|Any CPU
		{2A023283-9FDC-4ECF-B2D3-84F5A20BB3A0}.Release|Any CPU.ActiveCfg = Release|Any CPU
		{2A023283-9FDC-4ECF-B2D3-84F5A20BB3A0}.Release|Any CPU.Build.0 = Release|Any CPU
		{F0BCE95C-9C05-4955-B257-609713416B43}.Debug|Any CPU.ActiveCfg = Debug|Any CPU
		{F0BCE95C-9C05-4955-B257-609713416B43}.Debug|Any CPU.Build.0 = Debug|Any CPU
		{F0BCE95C-9C05-4955-B257-609713416B43}.Release|Any CPU.ActiveCfg = Release|Any CPU
		{F0BCE95C-9C05-4955-B257-609713416B43}.Release|Any CPU.Build.0 = Release|Any CPU
		{E557DAFE-EC91-4984-9849-15AD763C3E74}.Debug|Any CPU.ActiveCfg = Debug|Any CPU
		{E557DAFE-EC91-4984-9849-15AD763C3E74}.Debug|Any CPU.Build.0 = Debug|Any CPU
		{E557DAFE-EC91-4984-9849-15AD763C3E74}.Release|Any CPU.ActiveCfg = Release|Any CPU
		{E557DAFE-EC91-4984-9849-15AD763C3E74}.Release|Any CPU.Build.0 = Release|Any CPU
		{C66B8293-E8F2-4661-B02B-A9645F69A80D}.Debug|Any CPU.ActiveCfg = Debug|Any CPU
		{C66B8293-E8F2-4661-B02B-A9645F69A80D}.Debug|Any CPU.Build.0 = Debug|Any CPU
		{C66B8293-E8F2-4661-B02B-A9645F69A80D}.Release|Any CPU.ActiveCfg = Release|Any CPU
		{C66B8293-E8F2-4661-B02B-A9645F69A80D}.Release|Any CPU.Build.0 = Release|Any CPU
		{F2C6EF39-AED3-4FB8-BDB3-AF90069F9BC8}.Debug|Any CPU.ActiveCfg = Debug|Any CPU
		{F2C6EF39-AED3-4FB8-BDB3-AF90069F9BC8}.Debug|Any CPU.Build.0 = Debug|Any CPU
		{F2C6EF39-AED3-4FB8-BDB3-AF90069F9BC8}.Release|Any CPU.ActiveCfg = Release|Any CPU
		{F2C6EF39-AED3-4FB8-BDB3-AF90069F9BC8}.Release|Any CPU.Build.0 = Release|Any CPU
		{54CA55D2-A343-4870-AE1A-68384F6E42C2}.Debug|Any CPU.ActiveCfg = Debug|Any CPU
		{54CA55D2-A343-4870-AE1A-68384F6E42C2}.Debug|Any CPU.Build.0 = Debug|Any CPU
		{54CA55D2-A343-4870-AE1A-68384F6E42C2}.Release|Any CPU.ActiveCfg = Release|Any CPU
		{54CA55D2-A343-4870-AE1A-68384F6E42C2}.Release|Any CPU.Build.0 = Release|Any CPU
		{738B80F4-C75E-4D3E-A6BC-23E61DE7D1D8}.Debug|Any CPU.ActiveCfg = Debug|Any CPU
		{738B80F4-C75E-4D3E-A6BC-23E61DE7D1D8}.Debug|Any CPU.Build.0 = Debug|Any CPU
		{738B80F4-C75E-4D3E-A6BC-23E61DE7D1D8}.Release|Any CPU.ActiveCfg = Release|Any CPU
		{738B80F4-C75E-4D3E-A6BC-23E61DE7D1D8}.Release|Any CPU.Build.0 = Release|Any CPU
		{CA7A3621-270D-4EC6-A56D-EEB61A84FDFA}.Debug|Any CPU.ActiveCfg = Debug|Any CPU
		{CA7A3621-270D-4EC6-A56D-EEB61A84FDFA}.Debug|Any CPU.Build.0 = Debug|Any CPU
		{CA7A3621-270D-4EC6-A56D-EEB61A84FDFA}.Release|Any CPU.ActiveCfg = Release|Any CPU
		{CA7A3621-270D-4EC6-A56D-EEB61A84FDFA}.Release|Any CPU.Build.0 = Release|Any CPU
		{F55C8896-7FF9-4E97-BCB4-BFF632244F00}.Debug|Any CPU.ActiveCfg = Debug|Any CPU
		{F55C8896-7FF9-4E97-BCB4-BFF632244F00}.Debug|Any CPU.Build.0 = Debug|Any CPU
		{F55C8896-7FF9-4E97-BCB4-BFF632244F00}.Release|Any CPU.ActiveCfg = Release|Any CPU
		{F55C8896-7FF9-4E97-BCB4-BFF632244F00}.Release|Any CPU.Build.0 = Release|Any CPU
		{412CA408-839E-4463-8BF3-E471B486EF22}.Debug|Any CPU.ActiveCfg = Debug|Any CPU
		{412CA408-839E-4463-8BF3-E471B486EF22}.Debug|Any CPU.Build.0 = Debug|Any CPU
		{412CA408-839E-4463-8BF3-E471B486EF22}.Release|Any CPU.ActiveCfg = Release|Any CPU
		{412CA408-839E-4463-8BF3-E471B486EF22}.Release|Any CPU.Build.0 = Release|Any CPU
		{60F33BF3-AA60-4A56-8AA3-A7AAB0361E2D}.Debug|Any CPU.ActiveCfg = Debug|Any CPU
		{60F33BF3-AA60-4A56-8AA3-A7AAB0361E2D}.Debug|Any CPU.Build.0 = Debug|Any CPU
		{60F33BF3-AA60-4A56-8AA3-A7AAB0361E2D}.Release|Any CPU.ActiveCfg = Release|Any CPU
		{60F33BF3-AA60-4A56-8AA3-A7AAB0361E2D}.Release|Any CPU.Build.0 = Release|Any CPU
		{3F52F190-7BB2-4F7B-8518-F50CB33E0F59}.Debug|Any CPU.ActiveCfg = Debug|Any CPU
		{3F52F190-7BB2-4F7B-8518-F50CB33E0F59}.Debug|Any CPU.Build.0 = Debug|Any CPU
		{3F52F190-7BB2-4F7B-8518-F50CB33E0F59}.Release|Any CPU.ActiveCfg = Release|Any CPU
		{3F52F190-7BB2-4F7B-8518-F50CB33E0F59}.Release|Any CPU.Build.0 = Release|Any CPU
		{E2FE2A98-EFC5-465D-A005-28050BE3013F}.Debug|Any CPU.ActiveCfg = Debug|Any CPU
		{E2FE2A98-EFC5-465D-A005-28050BE3013F}.Debug|Any CPU.Build.0 = Debug|Any CPU
		{E2FE2A98-EFC5-465D-A005-28050BE3013F}.Release|Any CPU.ActiveCfg = Release|Any CPU
		{E2FE2A98-EFC5-465D-A005-28050BE3013F}.Release|Any CPU.Build.0 = Release|Any CPU
		{72D743C6-A101-4EFB-BB66-D442CD8ACBCA}.Debug|Any CPU.ActiveCfg = Debug|Any CPU
		{72D743C6-A101-4EFB-BB66-D442CD8ACBCA}.Debug|Any CPU.Build.0 = Debug|Any CPU
		{72D743C6-A101-4EFB-BB66-D442CD8ACBCA}.Release|Any CPU.ActiveCfg = Release|Any CPU
		{72D743C6-A101-4EFB-BB66-D442CD8ACBCA}.Release|Any CPU.Build.0 = Release|Any CPU
		{BD527B7B-BD50-43E4-BB69-BEF8C5C50E8C}.Debug|Any CPU.ActiveCfg = Debug|Any CPU
		{BD527B7B-BD50-43E4-BB69-BEF8C5C50E8C}.Debug|Any CPU.Build.0 = Debug|Any CPU
		{BD527B7B-BD50-43E4-BB69-BEF8C5C50E8C}.Release|Any CPU.ActiveCfg = Release|Any CPU
		{BD527B7B-BD50-43E4-BB69-BEF8C5C50E8C}.Release|Any CPU.Build.0 = Release|Any CPU
		{52BD2A4E-8564-44EE-98DD-E531CC6A8168}.Debug|Any CPU.ActiveCfg = Debug|Any CPU
		{52BD2A4E-8564-44EE-98DD-E531CC6A8168}.Debug|Any CPU.Build.0 = Debug|Any CPU
		{52BD2A4E-8564-44EE-98DD-E531CC6A8168}.Release|Any CPU.ActiveCfg = Release|Any CPU
		{52BD2A4E-8564-44EE-98DD-E531CC6A8168}.Release|Any CPU.Build.0 = Release|Any CPU
		{EC48ABC0-D9FE-4906-B4C8-3D6CBE823D39}.Debug|Any CPU.ActiveCfg = Debug|Any CPU
		{EC48ABC0-D9FE-4906-B4C8-3D6CBE823D39}.Debug|Any CPU.Build.0 = Debug|Any CPU
		{EC48ABC0-D9FE-4906-B4C8-3D6CBE823D39}.Release|Any CPU.ActiveCfg = Release|Any CPU
		{EC48ABC0-D9FE-4906-B4C8-3D6CBE823D39}.Release|Any CPU.Build.0 = Release|Any CPU
	EndGlobalSection
	GlobalSection(SolutionProperties) = preSolution
		HideSolutionNode = FALSE
	EndGlobalSection
	GlobalSection(NestedProjects) = preSolution
		{A2874A0C-AB74-43A4-B554-46E18A25103F} = {FC83866C-4129-4F24-BCB2-062FF5623A80}
		{A74F04CB-A5D3-43F9-8977-901FF4E7575C} = {C9441E14-429D-4268-9566-1402DBFC245F}
		{19B8F575-80A8-4B24-A8CC-016FC13418AA} = {A74F04CB-A5D3-43F9-8977-901FF4E7575C}
		{914D81DF-A78F-457F-847A-B96BE1DD61B5} = {A74F04CB-A5D3-43F9-8977-901FF4E7575C}
		{2A023283-9FDC-4ECF-B2D3-84F5A20BB3A0} = {868499D8-88D3-4EC3-BD69-EA07BC843EA5}
		{C065DEF0-D35A-4E4B-B6D2-B40C327B325E} = {C9441E14-429D-4268-9566-1402DBFC245F}
		{5A80C30B-624E-40A0-8318-51406768ADBA} = {C9441E14-429D-4268-9566-1402DBFC245F}
		{F0BCE95C-9C05-4955-B257-609713416B43} = {C065DEF0-D35A-4E4B-B6D2-B40C327B325E}
		{E557DAFE-EC91-4984-9849-15AD763C3E74} = {5A80C30B-624E-40A0-8318-51406768ADBA}
		{C66B8293-E8F2-4661-B02B-A9645F69A80D} = {5A80C30B-624E-40A0-8318-51406768ADBA}
		{F2C6EF39-AED3-4FB8-BDB3-AF90069F9BC8} = {868499D8-88D3-4EC3-BD69-EA07BC843EA5}
		{54CA55D2-A343-4870-AE1A-68384F6E42C2} = {A1E1C601-ECB7-49B0-9D5F-DF41C51F613A}
		{738B80F4-C75E-4D3E-A6BC-23E61DE7D1D8} = {F1C7784D-3B12-4193-A964-1FBD65C72A5B}
		{CA7A3621-270D-4EC6-A56D-EEB61A84FDFA} = {06146CF7-3919-4485-9701-46F1C53BA805}
		{F1C7784D-3B12-4193-A964-1FBD65C72A5B} = {90F54D66-F11D-4570-A0B6-2D8B002FC3FA}
		{06146CF7-3919-4485-9701-46F1C53BA805} = {90F54D66-F11D-4570-A0B6-2D8B002FC3FA}
		{F55C8896-7FF9-4E97-BCB4-BFF632244F00} = {F1C7784D-3B12-4193-A964-1FBD65C72A5B}
		{412CA408-839E-4463-8BF3-E471B486EF22} = {06146CF7-3919-4485-9701-46F1C53BA805}
		{8FE90B11-3503-4944-B587-EF0106B55E2D} = {F1C7784D-3B12-4193-A964-1FBD65C72A5B}
		{30A7BC06-0AB8-47E8-972B-DE3A70D1CC76} = {06146CF7-3919-4485-9701-46F1C53BA805}
		{60F33BF3-AA60-4A56-8AA3-A7AAB0361E2D} = {30A7BC06-0AB8-47E8-972B-DE3A70D1CC76}
		{3F52F190-7BB2-4F7B-8518-F50CB33E0F59} = {30A7BC06-0AB8-47E8-972B-DE3A70D1CC76}
		{E2FE2A98-EFC5-465D-A005-28050BE3013F} = {8FE90B11-3503-4944-B587-EF0106B55E2D}
		{72D743C6-A101-4EFB-BB66-D442CD8ACBCA} = {8FE90B11-3503-4944-B587-EF0106B55E2D}
		{BD527B7B-BD50-43E4-BB69-BEF8C5C50E8C} = {A1E1C601-ECB7-49B0-9D5F-DF41C51F613A}
		{110381C8-81E9-483B-8659-A569516B23CE} = {A1E1C601-ECB7-49B0-9D5F-DF41C51F613A}
		{52BD2A4E-8564-44EE-98DD-E531CC6A8168} = {110381C8-81E9-483B-8659-A569516B23CE}
		{EC48ABC0-D9FE-4906-B4C8-3D6CBE823D39} = {110381C8-81E9-483B-8659-A569516B23CE}
	EndGlobalSection
	GlobalSection(ExtensibilityGlobals) = postSolution
		SolutionGuid = {ACE53D10-C47F-48EC-BE86-38013BCEBB85}
	EndGlobalSection
EndGlobal
