
Microsoft Visual Studio Solution File, Format Version 12.00
# Visual Studio Version 17
VisualStudioVersion = 17.1.31911.260
MinimumVisualStudioVersion = 10.0.40219.1
Project("{9A19103F-16F7-4668-BE54-9A1E7A4F7556}") = "Frenchex.Dev.Cli", "Frenchex.Dev.Cli.csproj", "{A2874A0C-AB74-43A4-B554-46E18A25103F}"
EndProject
Project("{2150E333-8FDC-42A3-9474-1A3956D46DE8}") = "Cli", "Cli", "{FC83866C-4129-4F24-BCB2-062FF5623A80}"
EndProject
Project("{2150E333-8FDC-42A3-9474-1A3956D46DE8}") = "Dotnet", "Dotnet", "{C9441E14-429D-4268-9566-1402DBFC245F}"
EndProject
Project("{2150E333-8FDC-42A3-9474-1A3956D46DE8}") = "Cli", "Cli", "{A74F04CB-A5D3-43F9-8977-901FF4E7575C}"
EndProject
Project("{9A19103F-16F7-4668-BE54-9A1E7A4F7556}") = "Frenchex.Dev.Dotnet.Cli.Lib", "..\Frenchex.Dev.Dotnet.Cli.Lib\Frenchex.Dev.Dotnet.Cli.Lib.csproj", "{19B8F575-80A8-4B24-A8CC-016FC13418AA}"
EndProject
Project("{9A19103F-16F7-4668-BE54-9A1E7A4F7556}") = "Frenchex.Dev.Dotnet.Cli.Integration.Lib", "..\Frenchex.Dev.Dotnet.Cli.Integration.Lib\Frenchex.Dev.Dotnet.Cli.Integration.Lib.csproj", "{914D81DF-A78F-457F-847A-B96BE1DD61B5}"
EndProject
Project("{2150E333-8FDC-42A3-9474-1A3956D46DE8}") = "Vagrant", "Vagrant", "{868499D8-88D3-4EC3-BD69-EA07BC843EA5}"
EndProject
Project("{9A19103F-16F7-4668-BE54-9A1E7A4F7556}") = "Frenchex.Dev.Vagrant.Lib", "..\Frenchex.Dev.Vagrant.Lib\Frenchex.Dev.Vagrant.Lib.csproj", "{2A023283-9FDC-4ECF-B2D3-84F5A20BB3A0}"
EndProject
Project("{2150E333-8FDC-42A3-9474-1A3956D46DE8}") = "Filesystem", "Filesystem", "{C065DEF0-D35A-4E4B-B6D2-B40C327B325E}"
EndProject
Project("{2150E333-8FDC-42A3-9474-1A3956D46DE8}") = "Process", "Process", "{5A80C30B-624E-40A0-8318-51406768ADBA}"
EndProject
Project("{9A19103F-16F7-4668-BE54-9A1E7A4F7556}") = "Frenchex.Dev.Dotnet.Filesystem.Lib", "..\Frenchex.Dev.Dotnet.Filesystem.Lib\Frenchex.Dev.Dotnet.Filesystem.Lib.csproj", "{F0BCE95C-9C05-4955-B257-609713416B43}"
EndProject
Project("{9A19103F-16F7-4668-BE54-9A1E7A4F7556}") = "Frenchex.Dev.Dotnet.Process.Lib", "..\Frenchex.Dev.Dotnet.Process.Lib\Frenchex.Dev.Dotnet.Process.Lib.csproj", "{E557DAFE-EC91-4984-9849-15AD763C3E74}"
EndProject
Project("{9A19103F-16F7-4668-BE54-9A1E7A4F7556}") = "Frenchex.Dev.Dotnet.Process.Lib.Tests", "..\Frenchex.Dev.Dotnet.Process.Lib.Tests\Frenchex.Dev.Dotnet.Process.Lib.Tests.csproj", "{C66B8293-E8F2-4661-B02B-A9645F69A80D}"
EndProject
Project("{9A19103F-16F7-4668-BE54-9A1E7A4F7556}") = "Frenchex.Dev.Vagrant.Lib.Tests", "..\Frenchex.Dev.Vagrant.Lib.Tests\Frenchex.Dev.Vagrant.Lib.Tests.csproj", "{F2C6EF39-AED3-4FB8-BDB3-AF90069F9BC8}"
EndProject
Project("{2150E333-8FDC-42A3-9474-1A3956D46DE8}") = "Vos", "Vos", "{A1E1C601-ECB7-49B0-9D5F-DF41C51F613A}"
EndProject
Project("{9A19103F-16F7-4668-BE54-9A1E7A4F7556}") = "Frenchex.Dev.Vos.Lib", "..\Frenchex.Dev.Vos.Lib\Frenchex.Dev.Vos.Lib.csproj", "{54CA55D2-A343-4870-AE1A-68384F6E42C2}"
EndProject
Project("{2150E333-8FDC-42A3-9474-1A3956D46DE8}") = "Docker", "Docker", "{F3FF78E5-183E-48A7-8470-A535E2E6A302}"
EndProject
Project("{2150E333-8FDC-42A3-9474-1A3956D46DE8}") = "Kubernetes", "Kubernetes", "{1B18AC78-9780-41A2-9A34-008CA566CA6B}"
EndProject
Project("{9A19103F-16F7-4668-BE54-9A1E7A4F7556}") = "Frenchex.Dev.Vos.Lib.Tests", "..\Frenchex.Dev.Vos.Lib.Tests\Frenchex.Dev.Vos.Lib.Tests.csproj", "{BD527B7B-BD50-43E4-BB69-BEF8C5C50E8C}"
EndProject
Project("{2150E333-8FDC-42A3-9474-1A3956D46DE8}") = "Cli.Integration", "Cli.Integration", "{110381C8-81E9-483B-8659-A569516B23CE}"
EndProject
Project("{9A19103F-16F7-4668-BE54-9A1E7A4F7556}") = "Frenchex.Dev.Vos.Cli.Integration.Lib.Tests", "..\Frenchex.Dev.Vos.Cli.Integration.Lib.Tests\Frenchex.Dev.Vos.Cli.Integration.Lib.Tests.csproj", "{52BD2A4E-8564-44EE-98DD-E531CC6A8168}"
EndProject
Project("{9A19103F-16F7-4668-BE54-9A1E7A4F7556}") = "Frenchex.Dev.Vos.Cli.Integration.Lib", "..\Frenchex.Dev.Vos.Cli.Integration.Lib\Frenchex.Dev.Vos.Cli.Integration.Lib.csproj", "{EC48ABC0-D9FE-4906-B4C8-3D6CBE823D39}"
EndProject
Project("{2150E333-8FDC-42A3-9474-1A3956D46DE8}") = "Gitlab", "Gitlab", "{A9159C4F-751D-44F3-AC10-F363F89E1A8B}"
EndProject
Project("{2150E333-8FDC-42A3-9474-1A3956D46DE8}") = "Packer", "Packer", "{075F5CD1-3D36-4199-8E3D-AE51E00215BF}"
EndProject
Project("{2150E333-8FDC-42A3-9474-1A3956D46DE8}") = "Git", "Git", "{FFBB8154-BE30-4393-A1FC-3C03F99CB5C2}"
EndProject
Project("{2150E333-8FDC-42A3-9474-1A3956D46DE8}") = "Solution Items", "Solution Items", "{D1275F1D-E2F7-4745-A129-9AC6494E8953}"
	ProjectSection(SolutionItems) = preProject
		.runsettings = .runsettings
		..\.github\workflows\dotnet-package.yml = ..\.github\workflows\dotnet-package.yml
		README.md = README.md
		..\.gitignore = ..\.gitignore
	EndProjectSection
EndProject
Project("{2150E333-8FDC-42A3-9474-1A3956D46DE8}") = "Installers", "Installers", "{E18846D0-CCB8-4539-8C3C-DA7FE43952FC}"
EndProject
Project("{54435603-DBB4-11D2-8724-00A0C9A8B90C}") = "SetupWindows", "..\SetupWindows\SetupWindows.vdproj", "{F53E887C-26DD-4786-9BF6-A0BC07228F6B}"
EndProject
Project("{2150E333-8FDC-42A3-9474-1A3956D46DE8}") = "UnitTesting", "UnitTesting", "{D07D654B-3DCA-4052-9F38-3332FE1CF545}"
EndProject
Project("{FAE04EC0-301F-11D3-BF4B-00C04F79EFBC}") = "Frenchex.Dev.Dotnet.UnitTesting.Lib", "..\Frenchex.Dev.Dotnet.UnitTesting.Lib\Frenchex.Dev.Dotnet.UnitTesting.Lib.csproj", "{9E646C27-2B46-4A6F-A03C-E046CFF193EA}"
EndProject
Project("{2150E333-8FDC-42A3-9474-1A3956D46DE8}") = "WebSite", "WebSite", "{4DBCBA88-FD80-453D-BA10-AE9FED2F252E}"
EndProject
Project("{FAE04EC0-301F-11D3-BF4B-00C04F79EFBC}") = "Frenchex.Dev.Dotnet.WebSite.Lib", "..\Frenchex.Dev.Dotnet.WebSite.Lib\Frenchex.Dev.Dotnet.WebSite.Lib.csproj", "{DFE3079D-F7FE-419D-8F96-036E57853277}"
EndProject
Project("{2150E333-8FDC-42A3-9474-1A3956D46DE8}") = "Compose", "Compose", "{07CD7B4A-94F4-4DF8-BF57-B91938C1A57B}"
EndProject
Project("{FAE04EC0-301F-11D3-BF4B-00C04F79EFBC}") = "Frenchex.Dev.Dotnet.Docker.Compose.Lib", "..\Frenchex.Dev.Dotnet.Docker.Compose.Lib\Frenchex.Dev.Dotnet.Docker.Compose.Lib.csproj", "{022234DF-A621-4E75-BE65-4A9134286D7F}"
EndProject
Global
	GlobalSection(SolutionConfigurationPlatforms) = preSolution
		Debug|Any CPU = Debug|Any CPU
		Release|Any CPU = Release|Any CPU
	EndGlobalSection
	GlobalSection(ProjectConfigurationPlatforms) = postSolution
		{A2874A0C-AB74-43A4-B554-46E18A25103F}.Debug|Any CPU.ActiveCfg = Debug|Any CPU
		{A2874A0C-AB74-43A4-B554-46E18A25103F}.Debug|Any CPU.Build.0 = Debug|Any CPU
		{A2874A0C-AB74-43A4-B554-46E18A25103F}.Release|Any CPU.ActiveCfg = Release|Any CPU
		{A2874A0C-AB74-43A4-B554-46E18A25103F}.Release|Any CPU.Build.0 = Release|Any CPU
		{19B8F575-80A8-4B24-A8CC-016FC13418AA}.Debug|Any CPU.ActiveCfg = Debug|Any CPU
		{19B8F575-80A8-4B24-A8CC-016FC13418AA}.Debug|Any CPU.Build.0 = Debug|Any CPU
		{19B8F575-80A8-4B24-A8CC-016FC13418AA}.Release|Any CPU.ActiveCfg = Release|Any CPU
		{19B8F575-80A8-4B24-A8CC-016FC13418AA}.Release|Any CPU.Build.0 = Release|Any CPU
		{914D81DF-A78F-457F-847A-B96BE1DD61B5}.Debug|Any CPU.ActiveCfg = Debug|Any CPU
		{914D81DF-A78F-457F-847A-B96BE1DD61B5}.Debug|Any CPU.Build.0 = Debug|Any CPU
		{914D81DF-A78F-457F-847A-B96BE1DD61B5}.Release|Any CPU.ActiveCfg = Release|Any CPU
		{914D81DF-A78F-457F-847A-B96BE1DD61B5}.Release|Any CPU.Build.0 = Release|Any CPU
		{2A023283-9FDC-4ECF-B2D3-84F5A20BB3A0}.Debug|Any CPU.ActiveCfg = Debug|Any CPU
		{2A023283-9FDC-4ECF-B2D3-84F5A20BB3A0}.Debug|Any CPU.Build.0 = Debug|Any CPU
		{2A023283-9FDC-4ECF-B2D3-84F5A20BB3A0}.Release|Any CPU.ActiveCfg = Release|Any CPU
		{2A023283-9FDC-4ECF-B2D3-84F5A20BB3A0}.Release|Any CPU.Build.0 = Release|Any CPU
		{F0BCE95C-9C05-4955-B257-609713416B43}.Debug|Any CPU.ActiveCfg = Debug|Any CPU
		{F0BCE95C-9C05-4955-B257-609713416B43}.Debug|Any CPU.Build.0 = Debug|Any CPU
		{F0BCE95C-9C05-4955-B257-609713416B43}.Release|Any CPU.ActiveCfg = Release|Any CPU
		{F0BCE95C-9C05-4955-B257-609713416B43}.Release|Any CPU.Build.0 = Release|Any CPU
		{E557DAFE-EC91-4984-9849-15AD763C3E74}.Debug|Any CPU.ActiveCfg = Debug|Any CPU
		{E557DAFE-EC91-4984-9849-15AD763C3E74}.Debug|Any CPU.Build.0 = Debug|Any CPU
		{E557DAFE-EC91-4984-9849-15AD763C3E74}.Release|Any CPU.ActiveCfg = Release|Any CPU
		{E557DAFE-EC91-4984-9849-15AD763C3E74}.Release|Any CPU.Build.0 = Release|Any CPU
		{C66B8293-E8F2-4661-B02B-A9645F69A80D}.Debug|Any CPU.ActiveCfg = Debug|Any CPU
		{C66B8293-E8F2-4661-B02B-A9645F69A80D}.Debug|Any CPU.Build.0 = Debug|Any CPU
		{C66B8293-E8F2-4661-B02B-A9645F69A80D}.Release|Any CPU.ActiveCfg = Release|Any CPU
		{C66B8293-E8F2-4661-B02B-A9645F69A80D}.Release|Any CPU.Build.0 = Release|Any CPU
		{F2C6EF39-AED3-4FB8-BDB3-AF90069F9BC8}.Debug|Any CPU.ActiveCfg = Debug|Any CPU
		{F2C6EF39-AED3-4FB8-BDB3-AF90069F9BC8}.Debug|Any CPU.Build.0 = Debug|Any CPU
		{F2C6EF39-AED3-4FB8-BDB3-AF90069F9BC8}.Release|Any CPU.ActiveCfg = Release|Any CPU
		{F2C6EF39-AED3-4FB8-BDB3-AF90069F9BC8}.Release|Any CPU.Build.0 = Release|Any CPU
		{54CA55D2-A343-4870-AE1A-68384F6E42C2}.Debug|Any CPU.ActiveCfg = Debug|Any CPU
		{54CA55D2-A343-4870-AE1A-68384F6E42C2}.Debug|Any CPU.Build.0 = Debug|Any CPU
		{54CA55D2-A343-4870-AE1A-68384F6E42C2}.Release|Any CPU.ActiveCfg = Release|Any CPU
		{54CA55D2-A343-4870-AE1A-68384F6E42C2}.Release|Any CPU.Build.0 = Release|Any CPU
		{BD527B7B-BD50-43E4-BB69-BEF8C5C50E8C}.Debug|Any CPU.ActiveCfg = Debug|Any CPU
		{BD527B7B-BD50-43E4-BB69-BEF8C5C50E8C}.Debug|Any CPU.Build.0 = Debug|Any CPU
		{BD527B7B-BD50-43E4-BB69-BEF8C5C50E8C}.Release|Any CPU.ActiveCfg = Release|Any CPU
		{BD527B7B-BD50-43E4-BB69-BEF8C5C50E8C}.Release|Any CPU.Build.0 = Release|Any CPU
		{52BD2A4E-8564-44EE-98DD-E531CC6A8168}.Debug|Any CPU.ActiveCfg = Debug|Any CPU
		{52BD2A4E-8564-44EE-98DD-E531CC6A8168}.Debug|Any CPU.Build.0 = Debug|Any CPU
		{52BD2A4E-8564-44EE-98DD-E531CC6A8168}.Release|Any CPU.ActiveCfg = Release|Any CPU
		{52BD2A4E-8564-44EE-98DD-E531CC6A8168}.Release|Any CPU.Build.0 = Release|Any CPU
		{EC48ABC0-D9FE-4906-B4C8-3D6CBE823D39}.Debug|Any CPU.ActiveCfg = Debug|Any CPU
		{EC48ABC0-D9FE-4906-B4C8-3D6CBE823D39}.Debug|Any CPU.Build.0 = Debug|Any CPU
		{EC48ABC0-D9FE-4906-B4C8-3D6CBE823D39}.Release|Any CPU.ActiveCfg = Release|Any CPU
		{EC48ABC0-D9FE-4906-B4C8-3D6CBE823D39}.Release|Any CPU.Build.0 = Release|Any CPU
		{F53E887C-26DD-4786-9BF6-A0BC07228F6B}.Debug|Any CPU.ActiveCfg = Debug
		{F53E887C-26DD-4786-9BF6-A0BC07228F6B}.Release|Any CPU.ActiveCfg = Release
		{9E646C27-2B46-4A6F-A03C-E046CFF193EA}.Debug|Any CPU.ActiveCfg = Debug|Any CPU
		{9E646C27-2B46-4A6F-A03C-E046CFF193EA}.Debug|Any CPU.Build.0 = Debug|Any CPU
		{9E646C27-2B46-4A6F-A03C-E046CFF193EA}.Release|Any CPU.ActiveCfg = Release|Any CPU
		{9E646C27-2B46-4A6F-A03C-E046CFF193EA}.Release|Any CPU.Build.0 = Release|Any CPU
		{DFE3079D-F7FE-419D-8F96-036E57853277}.Debug|Any CPU.ActiveCfg = Debug|Any CPU
		{DFE3079D-F7FE-419D-8F96-036E57853277}.Debug|Any CPU.Build.0 = Debug|Any CPU
		{DFE3079D-F7FE-419D-8F96-036E57853277}.Release|Any CPU.ActiveCfg = Release|Any CPU
		{DFE3079D-F7FE-419D-8F96-036E57853277}.Release|Any CPU.Build.0 = Release|Any CPU
		{022234DF-A621-4E75-BE65-4A9134286D7F}.Debug|Any CPU.ActiveCfg = Debug|Any CPU
		{022234DF-A621-4E75-BE65-4A9134286D7F}.Debug|Any CPU.Build.0 = Debug|Any CPU
		{022234DF-A621-4E75-BE65-4A9134286D7F}.Release|Any CPU.ActiveCfg = Release|Any CPU
		{022234DF-A621-4E75-BE65-4A9134286D7F}.Release|Any CPU.Build.0 = Release|Any CPU
	EndGlobalSection
	GlobalSection(SolutionProperties) = preSolution
		HideSolutionNode = FALSE
	EndGlobalSection
	GlobalSection(NestedProjects) = preSolution
		{A2874A0C-AB74-43A4-B554-46E18A25103F} = {FC83866C-4129-4F24-BCB2-062FF5623A80}
		{A74F04CB-A5D3-43F9-8977-901FF4E7575C} = {C9441E14-429D-4268-9566-1402DBFC245F}
		{19B8F575-80A8-4B24-A8CC-016FC13418AA} = {A74F04CB-A5D3-43F9-8977-901FF4E7575C}
		{914D81DF-A78F-457F-847A-B96BE1DD61B5} = {A74F04CB-A5D3-43F9-8977-901FF4E7575C}
		{2A023283-9FDC-4ECF-B2D3-84F5A20BB3A0} = {868499D8-88D3-4EC3-BD69-EA07BC843EA5}
		{C065DEF0-D35A-4E4B-B6D2-B40C327B325E} = {C9441E14-429D-4268-9566-1402DBFC245F}
		{5A80C30B-624E-40A0-8318-51406768ADBA} = {C9441E14-429D-4268-9566-1402DBFC245F}
		{F0BCE95C-9C05-4955-B257-609713416B43} = {C065DEF0-D35A-4E4B-B6D2-B40C327B325E}
		{E557DAFE-EC91-4984-9849-15AD763C3E74} = {5A80C30B-624E-40A0-8318-51406768ADBA}
		{C66B8293-E8F2-4661-B02B-A9645F69A80D} = {5A80C30B-624E-40A0-8318-51406768ADBA}
		{F2C6EF39-AED3-4FB8-BDB3-AF90069F9BC8} = {868499D8-88D3-4EC3-BD69-EA07BC843EA5}
		{54CA55D2-A343-4870-AE1A-68384F6E42C2} = {A1E1C601-ECB7-49B0-9D5F-DF41C51F613A}
		{BD527B7B-BD50-43E4-BB69-BEF8C5C50E8C} = {A1E1C601-ECB7-49B0-9D5F-DF41C51F613A}
		{110381C8-81E9-483B-8659-A569516B23CE} = {A1E1C601-ECB7-49B0-9D5F-DF41C51F613A}
		{52BD2A4E-8564-44EE-98DD-E531CC6A8168} = {110381C8-81E9-483B-8659-A569516B23CE}
		{EC48ABC0-D9FE-4906-B4C8-3D6CBE823D39} = {110381C8-81E9-483B-8659-A569516B23CE}
		{F53E887C-26DD-4786-9BF6-A0BC07228F6B} = {E18846D0-CCB8-4539-8C3C-DA7FE43952FC}
		{D07D654B-3DCA-4052-9F38-3332FE1CF545} = {C9441E14-429D-4268-9566-1402DBFC245F}
		{9E646C27-2B46-4A6F-A03C-E046CFF193EA} = {D07D654B-3DCA-4052-9F38-3332FE1CF545}
		{4DBCBA88-FD80-453D-BA10-AE9FED2F252E} = {C9441E14-429D-4268-9566-1402DBFC245F}
		{DFE3079D-F7FE-419D-8F96-036E57853277} = {4DBCBA88-FD80-453D-BA10-AE9FED2F252E}
		{07CD7B4A-94F4-4DF8-BF57-B91938C1A57B} = {F3FF78E5-183E-48A7-8470-A535E2E6A302}
		{022234DF-A621-4E75-BE65-4A9134286D7F} = {07CD7B4A-94F4-4DF8-BF57-B91938C1A57B}
	EndGlobalSection
	GlobalSection(ExtensibilityGlobals) = postSolution
		SolutionGuid = {ACE53D10-C47F-48EC-BE86-38013BCEBB85}
	EndGlobalSection
EndGlobal
